
Microsoft Visual Studio Solution File, Format Version 12.00
# Visual Studio Version 17
VisualStudioVersion = 17.4.33213.308
MinimumVisualStudioVersion = 10.0.40219.1
Project("{9A19103F-16F7-4668-BE54-9A1E7A4F7556}") = "UsingDataToDbService", "UsingDataToDbService\UsingDataToDbService.csproj", "{18166A6E-4C0D-4A49-BB9E-46928DBD3ADE}"
EndProject
Project("{9A19103F-16F7-4668-BE54-9A1E7A4F7556}") = "DataToDb", "DataToDb\DataToDb.csproj", "{EEBE8719-42C2-4AC6-8193-6BBBE0F4C5A2}"
EndProject
Global
	GlobalSection(SolutionConfigurationPlatforms) = preSolution
		Debug|Any CPU = Debug|Any CPU
		Release|Any CPU = Release|Any CPU
	EndGlobalSection
	GlobalSection(ProjectConfigurationPlatforms) = postSolution
		{18166A6E-4C0D-4A49-BB9E-46928DBD3ADE}.Debug|Any CPU.ActiveCfg = Debug|Any CPU
		{18166A6E-4C0D-4A49-BB9E-46928DBD3ADE}.Debug|Any CPU.Build.0 = Debug|Any CPU
		{18166A6E-4C0D-4A49-BB9E-46928DBD3ADE}.Release|Any CPU.ActiveCfg = Release|Any CPU
		{18166A6E-4C0D-4A49-BB9E-46928DBD3ADE}.Release|Any CPU.Build.0 = Release|Any CPU
		{EEBE8719-42C2-4AC6-8193-6BBBE0F4C5A2}.Debug|Any CPU.ActiveCfg = Debug|Any CPU
		{EEBE8719-42C2-4AC6-8193-6BBBE0F4C5A2}.Debug|Any CPU.Build.0 = Debug|Any CPU
		{EEBE8719-42C2-4AC6-8193-6BBBE0F4C5A2}.Release|Any CPU.ActiveCfg = Release|Any CPU
		{EEBE8719-42C2-4AC6-8193-6BBBE0F4C5A2}.Release|Any CPU.Build.0 = Release|Any CPU
	EndGlobalSection
	GlobalSection(SolutionProperties) = preSolution
		HideSolutionNode = FALSE
	EndGlobalSection
	GlobalSection(ExtensibilityGlobals) = postSolution
		SolutionGuid = {02CF01B8-C045-4AF8-9BF0-A907C607B9E1}
	EndGlobalSection
EndGlobal
