
Microsoft Visual Studio Solution File, Format Version 12.00
# Visual Studio Version 17
VisualStudioVersion = 17.4.33213.308
MinimumVisualStudioVersion = 10.0.40219.1
Project("{9A19103F-16F7-4668-BE54-9A1E7A4F7556}") = "EthBlockIndexer", "EthBlockIndexer\EthBlockIndexer.csproj", "{271193B8-8214-4470-964C-94168F6C172F}"
EndProject
Project("{9A19103F-16F7-4668-BE54-9A1E7A4F7556}") = "ConsoleApp", "ConsoleApp\ConsoleApp.csproj", "{E403F8CF-4DA3-4C2C-9400-870244A78AB8}"
EndProject
Global
	GlobalSection(SolutionConfigurationPlatforms) = preSolution
		Debug|Any CPU = Debug|Any CPU
		Release|Any CPU = Release|Any CPU
	EndGlobalSection
	GlobalSection(ProjectConfigurationPlatforms) = postSolution
		{271193B8-8214-4470-964C-94168F6C172F}.Debug|Any CPU.ActiveCfg = Debug|Any CPU
		{271193B8-8214-4470-964C-94168F6C172F}.Debug|Any CPU.Build.0 = Debug|Any CPU
		{271193B8-8214-4470-964C-94168F6C172F}.Release|Any CPU.ActiveCfg = Release|Any CPU
		{271193B8-8214-4470-964C-94168F6C172F}.Release|Any CPU.Build.0 = Release|Any CPU
		{E403F8CF-4DA3-4C2C-9400-870244A78AB8}.Debug|Any CPU.ActiveCfg = Debug|Any CPU
		{E403F8CF-4DA3-4C2C-9400-870244A78AB8}.Debug|Any CPU.Build.0 = Debug|Any CPU
		{E403F8CF-4DA3-4C2C-9400-870244A78AB8}.Release|Any CPU.ActiveCfg = Release|Any CPU
		{E403F8CF-4DA3-4C2C-9400-870244A78AB8}.Release|Any CPU.Build.0 = Release|Any CPU
	EndGlobalSection
	GlobalSection(SolutionProperties) = preSolution
		HideSolutionNode = FALSE
	EndGlobalSection
	GlobalSection(ExtensibilityGlobals) = postSolution
		SolutionGuid = {02CF01B8-C045-4AF8-9BF0-A907C607B9E1}
	EndGlobalSection
EndGlobal
